
Microsoft Visual Studio Solution File, Format Version 12.00
# Visual Studio Version 17
VisualStudioVersion = 17.6.33801.468
MinimumVisualStudioVersion = 10.0.40219.1
Project("{2150E333-8FDC-42A3-9474-1A3956D46DE8}") = "Task0", "Task0", "{D08991A8-F60D-4A12-B152-D3E63BD9044B}"
EndProject
Project("{FAE04EC0-301F-11D3-BF4B-00C04F79EFBC}") = "Tyuiu.ElmurzaevIH.Sprint1.Task0.V26", "Tyuiu.ElmurzaevIH.Sprint1.Task0.V26\Tyuiu.ElmurzaevIH.Sprint1.Task0.V26.csproj", "{FA902039-C26F-4BD8-AF29-402D7081A23F}"
EndProject
Project("{FAE04EC0-301F-11D3-BF4B-00C04F79EFBC}") = "Tyuiu.ElmurzaevIH.Sprint1.Task0.V26.Lib", "Tyuiu.ElmurzaevIH.Sprint1.Task0.V26.Lib\Tyuiu.ElmurzaevIH.Sprint1.Task0.V26.Lib.csproj", "{D2097743-BA4D-4096-B6F2-A8DFD7CF3AD3}"
EndProject
Project("{FAE04EC0-301F-11D3-BF4B-00C04F79EFBC}") = "Tyuiu.ElmurzaevIH.Sprint1.Task0.V26.Test", "Tyuiu.ElmurzaevIH.Sprint1.Task0.V26.Test\Tyuiu.ElmurzaevIH.Sprint1.Task0.V26.Test.csproj", "{F3C15CD6-0692-41AB-A2A8-0479985696B2}"
EndProject
Project("{2150E333-8FDC-42A3-9474-1A3956D46DE8}") = "Task1", "Task1", "{FAF2F5AE-F09A-4F3F-8DDC-B06DB9A2116A}"
EndProject
Project("{FAE04EC0-301F-11D3-BF4B-00C04F79EFBC}") = "Tyuiu.ElmurzaevIH.Sprint1.Task1.V27", "Tyuiu.ElmurzaevIH.Sprint1.Task1.V27\Tyuiu.ElmurzaevIH.Sprint1.Task1.V27.csproj", "{DAD8B8B8-1826-495B-B36A-484B94663F1A}"
EndProject
Project("{FAE04EC0-301F-11D3-BF4B-00C04F79EFBC}") = "Tyuiu.ElmurzaevIH.Sprint1.Task1.V27.Lib", "Tyuiu.ElmurzaevIH.Sprint1.Task1.V27.Lib\Tyuiu.ElmurzaevIH.Sprint1.Task1.V27.Lib.csproj", "{1C12198E-3575-40E6-A711-1C21984CE732}"
EndProject
Project("{FAE04EC0-301F-11D3-BF4B-00C04F79EFBC}") = "Tyuiu.ElmurzaevIH.Sprint1.Task1.V27.Test", "Tyuiu.ElmurzaevIH.Sprint1.Task1.V27.Test\Tyuiu.ElmurzaevIH.Sprint1.Task1.V27.Test.csproj", "{8DF636DC-E3DB-46D1-A854-5DBC7CA1E30B}"
EndProject
Project("{2150E333-8FDC-42A3-9474-1A3956D46DE8}") = "Task2", "Task2", "{48FE36C5-201C-4CB0-8167-75FCD2CC3299}"
EndProject
Project("{FAE04EC0-301F-11D3-BF4B-00C04F79EFBC}") = "Tyuiu.ElmurzaevIH.Sprint1.Task2.V20", "Tyuiu.ElmurzaevIH.Sprint1.Task2.V20\Tyuiu.ElmurzaevIH.Sprint1.Task2.V20.csproj", "{841BDFAA-22AE-4259-98D7-D0D57E999C43}"
EndProject
Project("{FAE04EC0-301F-11D3-BF4B-00C04F79EFBC}") = "Tyuiu.ElmurzaevIH.Sprint1.Task2.V20.Lib", "Tyuiu.ElmurzaevIH.Sprint1.Task2.V20.Lib\Tyuiu.ElmurzaevIH.Sprint1.Task2.V20.Lib.csproj", "{07E3739B-B796-4EF9-B7AA-899BC84C21B7}"
EndProject
Project("{FAE04EC0-301F-11D3-BF4B-00C04F79EFBC}") = "Tyuiu.ElmurzaevIH.Sprint1.Task2.V20.Test", "Tyuiu.ElmurzaevIH.Sprint1.Task2.V20.Test\Tyuiu.ElmurzaevIH.Sprint1.Task2.V20.Test.csproj", "{7C83D5F8-662D-4260-859E-13D7BFF7487F}"
EndProject
Project("{2150E333-8FDC-42A3-9474-1A3956D46DE8}") = "Task3", "Task3", "{FCF0A9F0-0D3F-4942-82BF-1A28D587EDDC}"
EndProject
Project("{FAE04EC0-301F-11D3-BF4B-00C04F79EFBC}") = "Tyuiu.ElmurzaevIH.Sprint1.Task3.V2", "Tyuiu.ElmurzaevIH.Sprint1.Task3.V2\Tyuiu.ElmurzaevIH.Sprint1.Task3.V2.csproj", "{8BED09B8-707A-4164-8FB3-0D7191A86A05}"
EndProject
Project("{FAE04EC0-301F-11D3-BF4B-00C04F79EFBC}") = "Tyuiu.ElmurzaevIH.Sprint1.Task3.V2.Lib", "Tyuiu.ElmurzaevIH.Sprint1.Task3.V2.Lib\Tyuiu.ElmurzaevIH.Sprint1.Task3.V2.Lib.csproj", "{4AD7593A-22E5-4B6F-8783-5DEA3396649D}"
EndProject
Project("{FAE04EC0-301F-11D3-BF4B-00C04F79EFBC}") = "Tyuiu.ElmurzaevIH.Sprint1.Task3.V2.Test", "Tyuiu.ElmurzaevIH.Sprint1.Task3.V2.Test\Tyuiu.ElmurzaevIH.Sprint1.Task3.V2.Test.csproj", "{7232772C-4473-451B-85C2-F6D4700B9873}"
EndProject
Global
	GlobalSection(SolutionConfigurationPlatforms) = preSolution
		Debug|Any CPU = Debug|Any CPU
		Release|Any CPU = Release|Any CPU
	EndGlobalSection
	GlobalSection(ProjectConfigurationPlatforms) = postSolution
		{FA902039-C26F-4BD8-AF29-402D7081A23F}.Debug|Any CPU.ActiveCfg = Debug|Any CPU
		{FA902039-C26F-4BD8-AF29-402D7081A23F}.Debug|Any CPU.Build.0 = Debug|Any CPU
		{FA902039-C26F-4BD8-AF29-402D7081A23F}.Release|Any CPU.ActiveCfg = Release|Any CPU
		{FA902039-C26F-4BD8-AF29-402D7081A23F}.Release|Any CPU.Build.0 = Release|Any CPU
		{D2097743-BA4D-4096-B6F2-A8DFD7CF3AD3}.Debug|Any CPU.ActiveCfg = Debug|Any CPU
		{D2097743-BA4D-4096-B6F2-A8DFD7CF3AD3}.Debug|Any CPU.Build.0 = Debug|Any CPU
		{D2097743-BA4D-4096-B6F2-A8DFD7CF3AD3}.Release|Any CPU.ActiveCfg = Release|Any CPU
		{D2097743-BA4D-4096-B6F2-A8DFD7CF3AD3}.Release|Any CPU.Build.0 = Release|Any CPU
		{F3C15CD6-0692-41AB-A2A8-0479985696B2}.Debug|Any CPU.ActiveCfg = Debug|Any CPU
		{F3C15CD6-0692-41AB-A2A8-0479985696B2}.Debug|Any CPU.Build.0 = Debug|Any CPU
		{F3C15CD6-0692-41AB-A2A8-0479985696B2}.Release|Any CPU.ActiveCfg = Release|Any CPU
		{F3C15CD6-0692-41AB-A2A8-0479985696B2}.Release|Any CPU.Build.0 = Release|Any CPU
		{DAD8B8B8-1826-495B-B36A-484B94663F1A}.Debug|Any CPU.ActiveCfg = Debug|Any CPU
		{DAD8B8B8-1826-495B-B36A-484B94663F1A}.Debug|Any CPU.Build.0 = Debug|Any CPU
		{DAD8B8B8-1826-495B-B36A-484B94663F1A}.Release|Any CPU.ActiveCfg = Release|Any CPU
		{DAD8B8B8-1826-495B-B36A-484B94663F1A}.Release|Any CPU.Build.0 = Release|Any CPU
		{1C12198E-3575-40E6-A711-1C21984CE732}.Debug|Any CPU.ActiveCfg = Debug|Any CPU
		{1C12198E-3575-40E6-A711-1C21984CE732}.Debug|Any CPU.Build.0 = Debug|Any CPU
		{1C12198E-3575-40E6-A711-1C21984CE732}.Release|Any CPU.ActiveCfg = Release|Any CPU
		{1C12198E-3575-40E6-A711-1C21984CE732}.Release|Any CPU.Build.0 = Release|Any CPU
		{8DF636DC-E3DB-46D1-A854-5DBC7CA1E30B}.Debug|Any CPU.ActiveCfg = Debug|Any CPU
		{8DF636DC-E3DB-46D1-A854-5DBC7CA1E30B}.Debug|Any CPU.Build.0 = Debug|Any CPU
		{8DF636DC-E3DB-46D1-A854-5DBC7CA1E30B}.Release|Any CPU.ActiveCfg = Release|Any CPU
		{8DF636DC-E3DB-46D1-A854-5DBC7CA1E30B}.Release|Any CPU.Build.0 = Release|Any CPU
		{841BDFAA-22AE-4259-98D7-D0D57E999C43}.Debug|Any CPU.ActiveCfg = Debug|Any CPU
		{841BDFAA-22AE-4259-98D7-D0D57E999C43}.Debug|Any CPU.Build.0 = Debug|Any CPU
		{841BDFAA-22AE-4259-98D7-D0D57E999C43}.Release|Any CPU.ActiveCfg = Release|Any CPU
		{841BDFAA-22AE-4259-98D7-D0D57E999C43}.Release|Any CPU.Build.0 = Release|Any CPU
		{07E3739B-B796-4EF9-B7AA-899BC84C21B7}.Debug|Any CPU.ActiveCfg = Debug|Any CPU
		{07E3739B-B796-4EF9-B7AA-899BC84C21B7}.Debug|Any CPU.Build.0 = Debug|Any CPU
		{07E3739B-B796-4EF9-B7AA-899BC84C21B7}.Release|Any CPU.ActiveCfg = Release|Any CPU
		{07E3739B-B796-4EF9-B7AA-899BC84C21B7}.Release|Any CPU.Build.0 = Release|Any CPU
		{7C83D5F8-662D-4260-859E-13D7BFF7487F}.Debug|Any CPU.ActiveCfg = Debug|Any CPU
		{7C83D5F8-662D-4260-859E-13D7BFF7487F}.Debug|Any CPU.Build.0 = Debug|Any CPU
		{7C83D5F8-662D-4260-859E-13D7BFF7487F}.Release|Any CPU.ActiveCfg = Release|Any CPU
		{7C83D5F8-662D-4260-859E-13D7BFF7487F}.Release|Any CPU.Build.0 = Release|Any CPU
		{8BED09B8-707A-4164-8FB3-0D7191A86A05}.Debug|Any CPU.ActiveCfg = Debug|Any CPU
		{8BED09B8-707A-4164-8FB3-0D7191A86A05}.Debug|Any CPU.Build.0 = Debug|Any CPU
		{8BED09B8-707A-4164-8FB3-0D7191A86A05}.Release|Any CPU.ActiveCfg = Release|Any CPU
		{8BED09B8-707A-4164-8FB3-0D7191A86A05}.Release|Any CPU.Build.0 = Release|Any CPU
		{4AD7593A-22E5-4B6F-8783-5DEA3396649D}.Debug|Any CPU.ActiveCfg = Debug|Any CPU
		{4AD7593A-22E5-4B6F-8783-5DEA3396649D}.Debug|Any CPU.Build.0 = Debug|Any CPU
		{4AD7593A-22E5-4B6F-8783-5DEA3396649D}.Release|Any CPU.ActiveCfg = Release|Any CPU
		{4AD7593A-22E5-4B6F-8783-5DEA3396649D}.Release|Any CPU.Build.0 = Release|Any CPU
		{7232772C-4473-451B-85C2-F6D4700B9873}.Debug|Any CPU.ActiveCfg = Debug|Any CPU
		{7232772C-4473-451B-85C2-F6D4700B9873}.Debug|Any CPU.Build.0 = Debug|Any CPU
		{7232772C-4473-451B-85C2-F6D4700B9873}.Release|Any CPU.ActiveCfg = Release|Any CPU
		{7232772C-4473-451B-85C2-F6D4700B9873}.Release|Any CPU.Build.0 = Release|Any CPU
	EndGlobalSection
	GlobalSection(SolutionProperties) = preSolution
		HideSolutionNode = FALSE
	EndGlobalSection
	GlobalSection(NestedProjects) = preSolution
		{FA902039-C26F-4BD8-AF29-402D7081A23F} = {D08991A8-F60D-4A12-B152-D3E63BD9044B}
		{D2097743-BA4D-4096-B6F2-A8DFD7CF3AD3} = {D08991A8-F60D-4A12-B152-D3E63BD9044B}
		{F3C15CD6-0692-41AB-A2A8-0479985696B2} = {D08991A8-F60D-4A12-B152-D3E63BD9044B}
		{DAD8B8B8-1826-495B-B36A-484B94663F1A} = {FAF2F5AE-F09A-4F3F-8DDC-B06DB9A2116A}
		{1C12198E-3575-40E6-A711-1C21984CE732} = {FAF2F5AE-F09A-4F3F-8DDC-B06DB9A2116A}
		{8DF636DC-E3DB-46D1-A854-5DBC7CA1E30B} = {FAF2F5AE-F09A-4F3F-8DDC-B06DB9A2116A}
		{841BDFAA-22AE-4259-98D7-D0D57E999C43} = {48FE36C5-201C-4CB0-8167-75FCD2CC3299}
		{07E3739B-B796-4EF9-B7AA-899BC84C21B7} = {48FE36C5-201C-4CB0-8167-75FCD2CC3299}
		{7C83D5F8-662D-4260-859E-13D7BFF7487F} = {48FE36C5-201C-4CB0-8167-75FCD2CC3299}
		{8BED09B8-707A-4164-8FB3-0D7191A86A05} = {FCF0A9F0-0D3F-4942-82BF-1A28D587EDDC}
		{4AD7593A-22E5-4B6F-8783-5DEA3396649D} = {FCF0A9F0-0D3F-4942-82BF-1A28D587EDDC}
		{7232772C-4473-451B-85C2-F6D4700B9873} = {FCF0A9F0-0D3F-4942-82BF-1A28D587EDDC}
	EndGlobalSection
	GlobalSection(ExtensibilityGlobals) = postSolution
		SolutionGuid = {E390E70E-BC80-4939-973B-F749C6EE8869}
	EndGlobalSection
EndGlobal
